{
    "hash": "8ac18635fdcf3635a5a723b73aea8bf8",
    "packages": [
        {
            "package": "mandango/mandango",
            "version": "dev-master",
            "source-reference": "4897b64d2e94d34476f5c0afa6af506ce1e9182f",
            "commit-date": "1339154613"
        },
        {
            "package": "mandango/mondator",
            "version": "dev-master",
            "source-reference": "ed3d5aedf152f46ad5e0dcc20056b182f52e227c",
            "commit-date": "1343565529"
        },
        {
            "package": "symfony/class-loader",
            "version": "dev-master",
            "source-reference": "10a8db6444fe290943cd59ae79d40dc1dd640ccf",
            "commit-date": "1346957130"
        },
        {
            "package": "twig/twig",
            "version": "dev-master",
            "source-reference": "68b8c4619c5bbe82bd345fe56070dec8c356610a",
            "commit-date": "1347025342"
        }
    ],
    "packages-dev": null,
    "aliases": [

    ],
    "minimum-stability": "dev",
    "stability-flags": [

    ]
}
